{
  "lockfile_version": "1",
  "packages": {
    "github:NixOS/nixpkgs/nixpkgs-unstable": {
      "last_modified": "2025-04-28T20:04:36Z",
      "resolved": "github:NixOS/nixpkgs/fdb6c240562c5ad516253419cc6f26819705d3e0?lastModified=1745870676&narHash=sha256-IpldIaWrlasZZlKHPxitkrJ1ex4EVphuWYXVDdF5kf4%3D"
    },
    "just@latest": {
      "last_modified": "2025-04-02T13:00:31Z",
      "resolved": "github:NixOS/nixpkgs/384d1adab77a8d49172a3acc1d5c2f26d013a69a#just",
      "source": "devbox-search",
      "version": "1.40.0",
      "systems": {
        "aarch64-darwin": {
          "outputs": [
            {
              "name": "out",
              "path": "/nix/store/wfm17v4bc2l8qd849wp0a9s7armdkm71-just-1.40.0",
              "default": true
            },
            {
              "name": "man",
              "path": "/nix/store/sv87amv0420lqr9hd4xg2hx9mp4lnajc-just-1.40.0-man",
              "default": true
            },
            {
              "name": "doc",
              "path": "/nix/store/1gkfr98ad4z5p7hbm8afy2g2cha8461c-just-1.40.0-doc"
            }
          ],
          "store_path": "/nix/store/wfm17v4bc2l8qd849wp0a9s7armdkm71-just-1.40.0"
        },
        "aarch64-linux": {
          "outputs": [
            {
              "name": "out",
              "path": "/nix/store/szq234z9fs95jmw9lgx9z7arp0kj2har-just-1.40.0",
              "default": true
            },
            {
              "name": "man",
              "path": "/nix/store/4y85j25ammy6n7bak476abyz9pmss4s2-just-1.40.0-man",
              "default": true
            },
            {
              "name": "doc",
              "path": "/nix/store/4mmxx7gj51w8yl3vk6bwif6b97l1ywps-just-1.40.0-doc"
            }
          ],
          "store_path": "/nix/store/szq234z9fs95jmw9lgx9z7arp0kj2har-just-1.40.0"
        },
        "x86_64-darwin": {
          "outputs": [
            {
              "name": "out",
              "path": "/nix/store/9224477pfqcwljayr91d8xjp7bg72wdb-just-1.40.0",
              "default": true
            },
            {
              "name": "man",
              "path": "/nix/store/krhp0yy3i73v5wabhj69mcrh863s1xrh-just-1.40.0-man",
              "default": true
            },
            {
              "name": "doc",
              "path": "/nix/store/dl41yapm6jl5fx1pzk6zx1c461hvf6sx-just-1.40.0-doc"
            }
          ],
          "store_path": "/nix/store/9224477pfqcwljayr91d8xjp7bg72wdb-just-1.40.0"
        },
        "x86_64-linux": {
          "outputs": [
            {
              "name": "out",
              "path": "/nix/store/h66bwgjajc4l7rasrk4pmsijaidk3pb8-just-1.40.0",
              "default": true
            },
            {
              "name": "man",
              "path": "/nix/store/mz1lccsaxnxhdlzdm8y6l4vwxb78v5fc-just-1.40.0-man",
              "default": true
            },
            {
              "name": "doc",
              "path": "/nix/store/mh4x9xcb1zhs09qjn38bgbgf0jjkyn0z-just-1.40.0-doc"
            }
          ],
          "store_path": "/nix/store/h66bwgjajc4l7rasrk4pmsijaidk3pb8-just-1.40.0"
        }
      }
    },
    "uv@latest": {
      "last_modified": "2025-04-10T20:20:34Z",
      "resolved": "github:NixOS/nixpkgs/d19cf9dfc633816a437204555afeb9e722386b76#uv",
      "source": "devbox-search",
      "version": "0.6.14",
      "systems": {
        "aarch64-darwin": {
          "outputs": [
            {
              "name": "out",
              "path": "/nix/store/9f492dxkf4qkvkr0n950xphmqjh29pwk-uv-0.6.14",
              "default": true
            }
          ],
          "store_path": "/nix/store/9f492dxkf4qkvkr0n950xphmqjh29pwk-uv-0.6.14"
        },
        "aarch64-linux": {
          "outputs": [
            {
              "name": "out",
              "path": "/nix/store/ana816flfaf6sh76h9xswphq9lyb0iv6-uv-0.6.14",
              "default": true
            }
          ],
          "store_path": "/nix/store/ana816flfaf6sh76h9xswphq9lyb0iv6-uv-0.6.14"
        },
        "x86_64-darwin": {
          "outputs": [
            {
              "name": "out",
              "path": "/nix/store/z6mxd485vrkyxdw57zlldmsqahpqfsi6-uv-0.6.14",
              "default": true
            }
          ],
          "store_path": "/nix/store/z6mxd485vrkyxdw57zlldmsqahpqfsi6-uv-0.6.14"
        },
        "x86_64-linux": {
          "outputs": [
            {
              "name": "out",
              "path": "/nix/store/z4ld2kivcl6hmj4k8i5x7wbfmmsfyvm2-uv-0.6.14",
              "default": true
            }
          ],
          "store_path": "/nix/store/z4ld2kivcl6hmj4k8i5x7wbfmmsfyvm2-uv-0.6.14"
        }
      }
    }
  }
}
